
Microsoft Visual Studio Solution File, Format Version 12.00
# Visual Studio Version 17
VisualStudioVersion = 17.0.32112.339
MinimumVisualStudioVersion = 10.0.40219.1
Project("{FAE04EC0-301F-11D3-BF4B-00C04F79EFBC}") = "GettingStarted", "GettingStarted\GettingStarted.csproj", "{326614EA-901E-4439-AA75-BECE0F000F82}"
EndProject
Project("{FAE04EC0-301F-11D3-BF4B-00C04F79EFBC}") = "GettingStartedHost", "GettingStartedHost\GettingStartedHost.csproj", "{B4BB204C-11E3-4BEC-A577-9CF46B694BD0}"
EndProject
Project("{FAE04EC0-301F-11D3-BF4B-00C04F79EFBC}") = "GettingStartedClient", "GettingStartedClient\GettingStartedClient.csproj", "{39FD7885-405E-471B-BD76-BB3EC734F23E}"
	ProjectSection(ProjectDependencies) = postProject
		{326614EA-901E-4439-AA75-BECE0F000F82} = {326614EA-901E-4439-AA75-BECE0F000F82}
	EndProjectSection
EndProject
Global
	GlobalSection(SolutionConfigurationPlatforms) = preSolution
		Debug|Any CPU = Debug|Any CPU
		Release|Any CPU = Release|Any CPU
	EndGlobalSection
	GlobalSection(ProjectConfigurationPlatforms) = postSolution
		{326614EA-901E-4439-AA75-BECE0F000F82}.Debug|Any CPU.ActiveCfg = Debug|Any CPU
		{326614EA-901E-4439-AA75-BECE0F000F82}.Debug|Any CPU.Build.0 = Debug|Any CPU
		{326614EA-901E-4439-AA75-BECE0F000F82}.Release|Any CPU.ActiveCfg = Release|Any CPU
		{326614EA-901E-4439-AA75-BECE0F000F82}.Release|Any CPU.Build.0 = Release|Any CPU
		{B4BB204C-11E3-4BEC-A577-9CF46B694BD0}.Debug|Any CPU.ActiveCfg = Debug|Any CPU
		{B4BB204C-11E3-4BEC-A577-9CF46B694BD0}.Debug|Any CPU.Build.0 = Debug|Any CPU
		{B4BB204C-11E3-4BEC-A577-9CF46B694BD0}.Release|Any CPU.ActiveCfg = Release|Any CPU
		{B4BB204C-11E3-4BEC-A577-9CF46B694BD0}.Release|Any CPU.Build.0 = Release|Any CPU
		{39FD7885-405E-471B-BD76-BB3EC734F23E}.Debug|Any CPU.ActiveCfg = Debug|Any CPU
		{39FD7885-405E-471B-BD76-BB3EC734F23E}.Debug|Any CPU.Build.0 = Debug|Any CPU
		{39FD7885-405E-471B-BD76-BB3EC734F23E}.Release|Any CPU.ActiveCfg = Release|Any CPU
		{39FD7885-405E-471B-BD76-BB3EC734F23E}.Release|Any CPU.Build.0 = Release|Any CPU
	EndGlobalSection
	GlobalSection(SolutionProperties) = preSolution
		HideSolutionNode = FALSE
	EndGlobalSection
	GlobalSection(ExtensibilityGlobals) = postSolution
		SolutionGuid = {768984E6-B037-49CC-8A23-67EFCDDA4861}
	EndGlobalSection
EndGlobal
